
Microsoft Visual Studio Solution File, Format Version 12.00
# Visual Studio Version 17
VisualStudioVersion = 17.9.34526.213
MinimumVisualStudioVersion = 10.0.40219.1
Project("{9A19103F-16F7-4668-BE54-9A1E7A4F7556}") = "EJ2CoreSampleBrowser_NET9", "EJ2CoreSampleBrowser_NET9.csproj", "{13C6FDB5-C4F0-4AB1-A9CF-60B3408D0E47}"
EndProject
Global
	GlobalSection(SolutionConfigurationPlatforms) = preSolution
		Debug|Any CPU = Debug|Any CPU
		Release|Any CPU = Release|Any CPU
	EndGlobalSection
	GlobalSection(ProjectConfigurationPlatforms) = postSolution
		{13C6FDB5-C4F0-4AB1-A9CF-60B3408D0E47}.Debug|Any CPU.ActiveCfg = Debug|Any CPU
		{13C6FDB5-C4F0-4AB1-A9CF-60B3408D0E47}.Debug|Any CPU.Build.0 = Debug|Any CPU
		{13C6FDB5-C4F0-4AB1-A9CF-60B3408D0E47}.Release|Any CPU.ActiveCfg = Release|Any CPU
		{13C6FDB5-C4F0-4AB1-A9CF-60B3408D0E47}.Release|Any CPU.Build.0 = Release|Any CPU
	EndGlobalSection
	GlobalSection(SolutionProperties) = preSolution
		HideSolutionNode = FALSE
	EndGlobalSection
	GlobalSection(ExtensibilityGlobals) = postSolution
		SolutionGuid = {FCA5463F-8B61-464E-9D16-25573D34823F}
	EndGlobalSection
EndGlobal
