
Microsoft Visual Studio Solution File, Format Version 12.00
# Visual Studio Version 16
VisualStudioVersion = 16.0.31004.235
MinimumVisualStudioVersion = 10.0.40219.1
Project("{9A19103F-16F7-4668-BE54-9A1E7A4F7556}") = "EJ2CoreSampleBrowser", "EJ2CoreSampleBrowser.csproj", "{9187EF72-83EB-46D0-9A33-E4249C5B4798}"
EndProject
Global
	GlobalSection(SolutionConfigurationPlatforms) = preSolution
		Debug|Any CPU = Debug|Any CPU
		Release|Any CPU = Release|Any CPU
	EndGlobalSection
	GlobalSection(ProjectConfigurationPlatforms) = postSolution
		{9187EF72-83EB-46D0-9A33-E4249C5B4798}.Debug|Any CPU.ActiveCfg = Debug|Any CPU
		{9187EF72-83EB-46D0-9A33-E4249C5B4798}.Debug|Any CPU.Build.0 = Debug|Any CPU
		{9187EF72-83EB-46D0-9A33-E4249C5B4798}.Release|Any CPU.ActiveCfg = Release|Any CPU
		{9187EF72-83EB-46D0-9A33-E4249C5B4798}.Release|Any CPU.Build.0 = Release|Any CPU
	EndGlobalSection
	GlobalSection(SolutionProperties) = preSolution
		HideSolutionNode = FALSE
	EndGlobalSection
	GlobalSection(ExtensibilityGlobals) = postSolution
		SolutionGuid = {716809D5-72C6-40C7-8A03-ABF5198F9ABF}
	EndGlobalSection
EndGlobal
