
Microsoft Visual Studio Solution File, Format Version 12.00
# Visual Studio Version 16
VisualStudioVersion = 16.0.29021.104
MinimumVisualStudioVersion = 10.0.40219.1
Project("{9A19103F-16F7-4668-BE54-9A1E7A4F7556}") = "EJ2CoreSampleBrowser", "EJ2CoreSampleBrowser.csproj", "{03B8EBCC-0E5A-4AD7-974B-1211BCF46E3C}"
EndProject
Global
	GlobalSection(SolutionConfigurationPlatforms) = preSolution
		Debug|Any CPU = Debug|Any CPU
		Release|Any CPU = Release|Any CPU
	EndGlobalSection
	GlobalSection(ProjectConfigurationPlatforms) = postSolution
		{03B8EBCC-0E5A-4AD7-974B-1211BCF46E3C}.Debug|Any CPU.ActiveCfg = Debug|Any CPU
		{03B8EBCC-0E5A-4AD7-974B-1211BCF46E3C}.Debug|Any CPU.Build.0 = Debug|Any CPU
		{03B8EBCC-0E5A-4AD7-974B-1211BCF46E3C}.Release|Any CPU.ActiveCfg = Release|Any CPU
		{03B8EBCC-0E5A-4AD7-974B-1211BCF46E3C}.Release|Any CPU.Build.0 = Release|Any CPU
	EndGlobalSection
	GlobalSection(SolutionProperties) = preSolution
		HideSolutionNode = FALSE
	EndGlobalSection
	GlobalSection(ExtensibilityGlobals) = postSolution
		SolutionGuid = {A73C2152-E37D-4703-A143-82271078D50D}
	EndGlobalSection
EndGlobal