
Microsoft Visual Studio Solution File, Format Version 12.00
# Visual Studio Version 17
VisualStudioVersion = 17.0.31903.59
MinimumVisualStudioVersion = 10.0.40219.1
Project("{9A19103F-16F7-4668-BE54-9A1E7A4F7556}") = "EJ2CoreSampleBrowser_NET6", "EJ2CoreSampleBrowser_NET6.csproj", "{987A4073-76A7-43E6-A6A2-19BF8882B763}"
EndProject
Global
	GlobalSection(SolutionConfigurationPlatforms) = preSolution
		Debug|Any CPU = Debug|Any CPU
		Release|Any CPU = Release|Any CPU
	EndGlobalSection
	GlobalSection(ProjectConfigurationPlatforms) = postSolution
		{987A4073-76A7-43E6-A6A2-19BF8882B763}.Debug|Any CPU.ActiveCfg = Debug|Any CPU
		{987A4073-76A7-43E6-A6A2-19BF8882B763}.Debug|Any CPU.Build.0 = Debug|Any CPU
		{987A4073-76A7-43E6-A6A2-19BF8882B763}.Release|Any CPU.ActiveCfg = Release|Any CPU
		{987A4073-76A7-43E6-A6A2-19BF8882B763}.Release|Any CPU.Build.0 = Release|Any CPU
	EndGlobalSection
	GlobalSection(SolutionProperties) = preSolution
		HideSolutionNode = FALSE
	EndGlobalSection
	GlobalSection(ExtensibilityGlobals) = postSolution
		SolutionGuid = {64565AF7-1372-47D6-86E7-F1297BC5FFF5}
	EndGlobalSection
EndGlobal
