
Microsoft Visual Studio Solution File, Format Version 12.00
# Visual Studio Version 17
VisualStudioVersion = 17.4.33103.184
MinimumVisualStudioVersion = 10.0.40219.1
Project("{9A19103F-16F7-4668-BE54-9A1E7A4F7556}") = "EJ2CoreSampleBrowser_NET7", "EJ2CoreSampleBrowser_NET7.csproj", "{D5F57479-7CA4-4704-9982-38CDE1A9BA20}"
EndProject
Global
	GlobalSection(SolutionConfigurationPlatforms) = preSolution
		Debug|Any CPU = Debug|Any CPU
		Release|Any CPU = Release|Any CPU
	EndGlobalSection
	GlobalSection(ProjectConfigurationPlatforms) = postSolution
		{D5F57479-7CA4-4704-9982-38CDE1A9BA20}.Debug|Any CPU.ActiveCfg = Debug|Any CPU
		{D5F57479-7CA4-4704-9982-38CDE1A9BA20}.Debug|Any CPU.Build.0 = Debug|Any CPU
		{D5F57479-7CA4-4704-9982-38CDE1A9BA20}.Release|Any CPU.ActiveCfg = Release|Any CPU
		{D5F57479-7CA4-4704-9982-38CDE1A9BA20}.Release|Any CPU.Build.0 = Release|Any CPU
	EndGlobalSection
	GlobalSection(SolutionProperties) = preSolution
		HideSolutionNode = FALSE
	EndGlobalSection
	GlobalSection(ExtensibilityGlobals) = postSolution
		SolutionGuid = {179AB09C-5094-49B1-9B9E-F1AEC918E39F}
	EndGlobalSection
EndGlobal
