
Microsoft Visual Studio Solution File, Format Version 12.00
# Visual Studio Version 17
VisualStudioVersion = 17.9.34526.213
MinimumVisualStudioVersion = 10.0.40219.1
Project("{9A19103F-16F7-4668-BE54-9A1E7A4F7556}") = "EJ2CoreSampleBrowser_NET9", "EJ2CoreSampleBrowser_NET9.csproj", "{D40C7AC7-C7FB-434E-B17F-2C1C4329A536}"
EndProject
Global
	GlobalSection(SolutionConfigurationPlatforms) = preSolution
		Debug|Any CPU = Debug|Any CPU
		Release|Any CPU = Release|Any CPU
	EndGlobalSection
	GlobalSection(ProjectConfigurationPlatforms) = postSolution
		{D40C7AC7-C7FB-434E-B17F-2C1C4329A536}.Debug|Any CPU.ActiveCfg = Debug|Any CPU
		{D40C7AC7-C7FB-434E-B17F-2C1C4329A536}.Debug|Any CPU.Build.0 = Debug|Any CPU
		{D40C7AC7-C7FB-434E-B17F-2C1C4329A536}.Release|Any CPU.ActiveCfg = Release|Any CPU
		{D40C7AC7-C7FB-434E-B17F-2C1C4329A536}.Release|Any CPU.Build.0 = Release|Any CPU
	EndGlobalSection
	GlobalSection(SolutionProperties) = preSolution
		HideSolutionNode = FALSE
	EndGlobalSection
	GlobalSection(ExtensibilityGlobals) = postSolution
		SolutionGuid = {49716AA1-ABFF-4C30-9C10-C65FDEB1EC72}
	EndGlobalSection
EndGlobal
